
Microsoft Visual Studio Solution File, Format Version 12.00
# Visual Studio Version 17
VisualStudioVersion = 17.11.35312.102
MinimumVisualStudioVersion = 10.0.40219.1
Project("{FAE04EC0-301F-11D3-BF4B-00C04F79EFBC}") = "Resume", "Resume.csproj", "{7A1DA17F-89E7-40B6-B0C7-6B599AF33AD8}"
EndProject
Global
	GlobalSection(SolutionConfigurationPlatforms) = preSolution
		Debug|Any CPU = Debug|Any CPU
		Release|Any CPU = Release|Any CPU
	EndGlobalSection
	GlobalSection(ProjectConfigurationPlatforms) = postSolution
		{7A1DA17F-89E7-40B6-B0C7-6B599AF33AD8}.Debug|Any CPU.ActiveCfg = Debug|Any CPU
		{7A1DA17F-89E7-40B6-B0C7-6B599AF33AD8}.Debug|Any CPU.Build.0 = Debug|Any CPU
		{7A1DA17F-89E7-40B6-B0C7-6B599AF33AD8}.Release|Any CPU.ActiveCfg = Release|Any CPU
		{7A1DA17F-89E7-40B6-B0C7-6B599AF33AD8}.Release|Any CPU.Build.0 = Release|Any CPU
	EndGlobalSection
	GlobalSection(SolutionProperties) = preSolution
		HideSolutionNode = FALSE
	EndGlobalSection
	GlobalSection(ExtensibilityGlobals) = postSolution
		SolutionGuid = {C74EFB79-A2B6-43EA-B354-4D70D2E2F7C2}
	EndGlobalSection
EndGlobal
